// !$*UTF8*$!
{
	archiveVersion = 1;
	classes = {
	};
	objectVersion = 46;
	objects = {

/* Begin PBXBuildFile section */
		CA72808B1C808D7E00F642F0 /* PunchhSoapApiClient.m in Sources */ = {isa = PBXBuildFile; fileRef = CA72808A1C808D7E00F642F0 /* PunchhSoapApiClient.m */; settings = {ASSET_TAGS = (); }; };
		CA72809A1C816FEA00F642F0 /* NSObject+SBJSON.m in Sources */ = {isa = PBXBuildFile; fileRef = CA72808F1C816FEA00F642F0 /* NSObject+SBJSON.m */; settings = {COMPILER_FLAGS = "-fno-objc-arc"; }; };
		CA72809B1C816FEA00F642F0 /* NSString+SBJSON.m in Sources */ = {isa = PBXBuildFile; fileRef = CA7280911C816FEA00F642F0 /* NSString+SBJSON.m */; settings = {COMPILER_FLAGS = "-fno-objc-arc"; }; };
		CA72809C1C816FEA00F642F0 /* SBJSON.m in Sources */ = {isa = PBXBuildFile; fileRef = CA7280931C816FEA00F642F0 /* SBJSON.m */; settings = {COMPILER_FLAGS = "-fno-objc-arc"; }; };
		CA72809D1C816FEA00F642F0 /* SBJsonBase.m in Sources */ = {isa = PBXBuildFile; fileRef = CA7280951C816FEA00F642F0 /* SBJsonBase.m */; settings = {COMPILER_FLAGS = "-fno-objc-arc"; }; };
		CA72809E1C816FEA00F642F0 /* SBJsonParser.m in Sources */ = {isa = PBXBuildFile; fileRef = CA7280971C816FEA00F642F0 /* SBJsonParser.m */; settings = {COMPILER_FLAGS = "-fno-objc-arc"; }; };
		CA72809F1C816FEA00F642F0 /* SBJsonWriter.m in Sources */ = {isa = PBXBuildFile; fileRef = CA7280991C816FEA00F642F0 /* SBJsonWriter.m */; settings = {COMPILER_FLAGS = "-fno-objc-arc"; }; };
		CA7280A21C817BF900F642F0 /* checkoutViewController.m in Sources */ = {isa = PBXBuildFile; fileRef = CA7280A11C817BF900F642F0 /* checkoutViewController.m */; settings = {ASSET_TAGS = (); }; };
		CA7280A61C81890200F642F0 /* CartItem.m in Sources */ = {isa = PBXBuildFile; fileRef = CA7280A51C81890200F642F0 /* CartItem.m */; settings = {ASSET_TAGS = (); }; };
		CA7280AB1C8189E300F642F0 /* Item.m in Sources */ = {isa = PBXBuildFile; fileRef = CA7280A81C8189E300F642F0 /* Item.m */; settings = {ASSET_TAGS = (); }; };
		CA7280AC1C8189E300F642F0 /* Offers.m in Sources */ = {isa = PBXBuildFile; fileRef = CA7280AA1C8189E300F642F0 /* Offers.m */; settings = {ASSET_TAGS = (); }; };
		CA7280B31C818A5D00F642F0 /* ItemDetails.m in Sources */ = {isa = PBXBuildFile; fileRef = CA7280AE1C818A5D00F642F0 /* ItemDetails.m */; settings = {ASSET_TAGS = (); }; };
		CA7280B41C818A5D00F642F0 /* PaymentDetail.m in Sources */ = {isa = PBXBuildFile; fileRef = CA7280B01C818A5D00F642F0 /* PaymentDetail.m */; settings = {ASSET_TAGS = (); }; };
		CA7280B51C818A5D00F642F0 /* UserCart.m in Sources */ = {isa = PBXBuildFile; fileRef = CA7280B21C818A5D00F642F0 /* UserCart.m */; settings = {ASSET_TAGS = (); }; };
		CA7280B81C81A9E500F642F0 /* LocationListCell.m in Sources */ = {isa = PBXBuildFile; fileRef = CA7280B71C81A9E500F642F0 /* LocationListCell.m */; settings = {ASSET_TAGS = (); }; };
		CA7280BA1C81A9FE00F642F0 /* LocationListViewController.m in Sources */ = {isa = PBXBuildFile; fileRef = CA7280B91C81A9FE00F642F0 /* LocationListViewController.m */; settings = {ASSET_TAGS = (); }; };
		CA7280BD1C81AB5F00F642F0 /* MapKit.framework in Frameworks */ = {isa = PBXBuildFile; fileRef = CA7280BC1C81AB5F00F642F0 /* MapKit.framework */; };
		CA7280E01C81DABC00F642F0 /* MKAnnotationView+WebCache.m in Sources */ = {isa = PBXBuildFile; fileRef = CA7280C01C81DABB00F642F0 /* MKAnnotationView+WebCache.m */; settings = {ASSET_TAGS = (); }; };
		CA7280E11C81DABC00F642F0 /* NSData+ImageContentType.m in Sources */ = {isa = PBXBuildFile; fileRef = CA7280C21C81DABB00F642F0 /* NSData+ImageContentType.m */; settings = {ASSET_TAGS = (); }; };
		CA7280E21C81DABC00F642F0 /* SDImageCache.m in Sources */ = {isa = PBXBuildFile; fileRef = CA7280C41C81DABB00F642F0 /* SDImageCache.m */; settings = {ASSET_TAGS = (); }; };
		CA7280E31C81DABC00F642F0 /* SDWebImageCompat.m in Sources */ = {isa = PBXBuildFile; fileRef = CA7280C61C81DABB00F642F0 /* SDWebImageCompat.m */; settings = {ASSET_TAGS = (); }; };
		CA7280E41C81DABC00F642F0 /* SDWebImageDecoder.m in Sources */ = {isa = PBXBuildFile; fileRef = CA7280C81C81DABB00F642F0 /* SDWebImageDecoder.m */; settings = {ASSET_TAGS = (); }; };
		CA7280E51C81DABC00F642F0 /* SDWebImageDownloader.m in Sources */ = {isa = PBXBuildFile; fileRef = CA7280CA1C81DABB00F642F0 /* SDWebImageDownloader.m */; settings = {ASSET_TAGS = (); }; };
		CA7280E61C81DABC00F642F0 /* SDWebImageDownloaderOperation.m in Sources */ = {isa = PBXBuildFile; fileRef = CA7280CC1C81DABB00F642F0 /* SDWebImageDownloaderOperation.m */; settings = {ASSET_TAGS = (); }; };
		CA7280E71C81DABC00F642F0 /* SDWebImageManager.m in Sources */ = {isa = PBXBuildFile; fileRef = CA7280CE1C81DABB00F642F0 /* SDWebImageManager.m */; settings = {ASSET_TAGS = (); }; };
		CA7280E81C81DABC00F642F0 /* SDWebImagePrefetcher.m in Sources */ = {isa = PBXBuildFile; fileRef = CA7280D11C81DABC00F642F0 /* SDWebImagePrefetcher.m */; settings = {ASSET_TAGS = (); }; };
		CA7280E91C81DABC00F642F0 /* UIButton+WebCache.m in Sources */ = {isa = PBXBuildFile; fileRef = CA7280D31C81DABC00F642F0 /* UIButton+WebCache.m */; settings = {ASSET_TAGS = (); }; };
		CA7280EA1C81DABC00F642F0 /* UIImage+GIF.m in Sources */ = {isa = PBXBuildFile; fileRef = CA7280D51C81DABC00F642F0 /* UIImage+GIF.m */; settings = {ASSET_TAGS = (); }; };
		CA7280EB1C81DABC00F642F0 /* UIImage+MultiFormat.m in Sources */ = {isa = PBXBuildFile; fileRef = CA7280D71C81DABC00F642F0 /* UIImage+MultiFormat.m */; settings = {ASSET_TAGS = (); }; };
		CA7280EC1C81DABC00F642F0 /* UIImage+WebP.m in Sources */ = {isa = PBXBuildFile; fileRef = CA7280D91C81DABC00F642F0 /* UIImage+WebP.m */; settings = {ASSET_TAGS = (); }; };
		CA7280ED1C81DABC00F642F0 /* UIImageView+HighlightedWebCache.m in Sources */ = {isa = PBXBuildFile; fileRef = CA7280DB1C81DABC00F642F0 /* UIImageView+HighlightedWebCache.m */; settings = {ASSET_TAGS = (); }; };
		CA7280EE1C81DABC00F642F0 /* UIImageView+WebCache.m in Sources */ = {isa = PBXBuildFile; fileRef = CA7280DD1C81DABC00F642F0 /* UIImageView+WebCache.m */; settings = {ASSET_TAGS = (); }; };
		CA7280EF1C81DABC00F642F0 /* UIView+WebCacheOperation.m in Sources */ = {isa = PBXBuildFile; fileRef = CA7280DF1C81DABC00F642F0 /* UIView+WebCacheOperation.m */; settings = {ASSET_TAGS = (); }; };
		CA7281081C82180900F642F0 /* BKCardExpiryField.m in Sources */ = {isa = PBXBuildFile; fileRef = CA7280F41C82180900F642F0 /* BKCardExpiryField.m */; settings = {ASSET_TAGS = (); }; };
		CA7281091C82180900F642F0 /* BKCardNumberField.m in Sources */ = {isa = PBXBuildFile; fileRef = CA7280F61C82180900F642F0 /* BKCardNumberField.m */; settings = {ASSET_TAGS = (); }; };
		CA72810A1C82180900F642F0 /* BKCardNumberFormatter.m in Sources */ = {isa = PBXBuildFile; fileRef = CA7280F81C82180900F642F0 /* BKCardNumberFormatter.m */; settings = {ASSET_TAGS = (); }; };
		CA72810B1C82180900F642F0 /* BKCardNumberLabel.m in Sources */ = {isa = PBXBuildFile; fileRef = CA7280FA1C82180900F642F0 /* BKCardNumberLabel.m */; settings = {ASSET_TAGS = (); }; };
		CA72810C1C82180900F642F0 /* BKCardPatternInfo.m in Sources */ = {isa = PBXBuildFile; fileRef = CA7280FC1C82180900F642F0 /* BKCardPatternInfo.m */; settings = {ASSET_TAGS = (); }; };
		CA72810D1C82180900F642F0 /* BKCurrencyTextField.m in Sources */ = {isa = PBXBuildFile; fileRef = CA7280FE1C82180900F642F0 /* BKCurrencyTextField.m */; settings = {ASSET_TAGS = (); }; };
		CA72810E1C82180900F642F0 /* BKForwardingTextField.m in Sources */ = {isa = PBXBuildFile; fileRef = CA7281001C82180900F642F0 /* BKForwardingTextField.m */; settings = {ASSET_TAGS = (); }; };
		CA72810F1C82180900F642F0 /* BKMoneyKit.bundle in Resources */ = {isa = PBXBuildFile; fileRef = CA7281011C82180900F642F0 /* BKMoneyKit.bundle */; settings = {ASSET_TAGS = (); }; };
		CA7281101C82180900F642F0 /* BKMoneyUtils.m in Sources */ = {isa = PBXBuildFile; fileRef = CA7281031C82180900F642F0 /* BKMoneyUtils.m */; settings = {ASSET_TAGS = (); }; };
		CA7281111C82180900F642F0 /* Luhn.m in Sources */ = {isa = PBXBuildFile; fileRef = CA7281051C82180900F642F0 /* Luhn.m */; settings = {ASSET_TAGS = (); }; };
		CA7281121C82180900F642F0 /* NSString+Additional.m in Sources */ = {isa = PBXBuildFile; fileRef = CA7281071C82180900F642F0 /* NSString+Additional.m */; settings = {ASSET_TAGS = (); }; };
		CA7281151C82184300F642F0 /* PaymentViewController.m in Sources */ = {isa = PBXBuildFile; fileRef = CA7281141C82184300F642F0 /* PaymentViewController.m */; settings = {ASSET_TAGS = (); }; };
		CA7281181C8257DB00F642F0 /* HistoryViewController.m in Sources */ = {isa = PBXBuildFile; fileRef = CA7281171C8257DB00F642F0 /* HistoryViewController.m */; settings = {ASSET_TAGS = (); }; };
		CAED33D21C7DEC5100B6B0EB /* reviewTableViewCell.m in Sources */ = {isa = PBXBuildFile; fileRef = CAED33D11C7DEC5100B6B0EB /* reviewTableViewCell.m */; settings = {ASSET_TAGS = (); }; };
		CAED33D51C7DEFA400B6B0EB /* QRCodeScannerView.m in Sources */ = {isa = PBXBuildFile; fileRef = CAED33D41C7DEFA400B6B0EB /* QRCodeScannerView.m */; settings = {ASSET_TAGS = (); }; };
		CAF088661C7DBE9500B33CEC /* main.m in Sources */ = {isa = PBXBuildFile; fileRef = CAF088651C7DBE9500B33CEC /* main.m */; };
		CAF088691C7DBE9500B33CEC /* AppDelegate.m in Sources */ = {isa = PBXBuildFile; fileRef = CAF088681C7DBE9500B33CEC /* AppDelegate.m */; };
		CAF0886C1C7DBE9500B33CEC /* ViewController.m in Sources */ = {isa = PBXBuildFile; fileRef = CAF0886B1C7DBE9500B33CEC /* ViewController.m */; };
		CAF0886F1C7DBE9500B33CEC /* Main.storyboard in Resources */ = {isa = PBXBuildFile; fileRef = CAF0886D1C7DBE9500B33CEC /* Main.storyboard */; };
		CAF088711C7DBE9500B33CEC /* Assets.xcassets in Resources */ = {isa = PBXBuildFile; fileRef = CAF088701C7DBE9500B33CEC /* Assets.xcassets */; };
		CAF088811C7DC0DF00B33CEC /* BarCodeScannerView.m in Sources */ = {isa = PBXBuildFile; fileRef = CAF088801C7DC0DF00B33CEC /* BarCodeScannerView.m */; settings = {ASSET_TAGS = (); }; };
		CAF088871C7DCAE700B33CEC /* CustomBarCodeScannerViewController.m in Sources */ = {isa = PBXBuildFile; fileRef = CAF088861C7DCAE700B33CEC /* CustomBarCodeScannerViewController.m */; settings = {ASSET_TAGS = (); }; };
		FFB46461583900F9720625C7 /* libPods.a in Frameworks */ = {isa = PBXBuildFile; fileRef = 4B1E14BC530EE25986EA9B16 /* libPods.a */; };
/* End PBXBuildFile section */

/* Begin PBXFileReference section */
		0A4E43F4C3D86FE0C0978959 /* Pods.debug.xcconfig */ = {isa = PBXFileReference; includeInIndex = 1; lastKnownFileType = text.xcconfig; name = Pods.debug.xcconfig; path = "Pods/Target Support Files/Pods/Pods.debug.xcconfig"; sourceTree = "<group>"; };
		4B1E14BC530EE25986EA9B16 /* libPods.a */ = {isa = PBXFileReference; explicitFileType = archive.ar; includeInIndex = 0; path = libPods.a; sourceTree = BUILT_PRODUCTS_DIR; };
		90647B281EEC3918ECD13EED /* Pods.release.xcconfig */ = {isa = PBXFileReference; includeInIndex = 1; lastKnownFileType = text.xcconfig; name = Pods.release.xcconfig; path = "Pods/Target Support Files/Pods/Pods.release.xcconfig"; sourceTree = "<group>"; };
		CA7280891C808D7E00F642F0 /* PunchhSoapApiClient.h */ = {isa = PBXFileReference; fileEncoding = 4; lastKnownFileType = sourcecode.c.h; path = PunchhSoapApiClient.h; sourceTree = "<group>"; };
		CA72808A1C808D7E00F642F0 /* PunchhSoapApiClient.m */ = {isa = PBXFileReference; fileEncoding = 4; lastKnownFileType = sourcecode.c.objc; path = PunchhSoapApiClient.m; sourceTree = "<group>"; };
		CA72808D1C816FEA00F642F0 /* JSON.h */ = {isa = PBXFileReference; fileEncoding = 4; lastKnownFileType = sourcecode.c.h; path = JSON.h; sourceTree = "<group>"; };
		CA72808E1C816FEA00F642F0 /* NSObject+SBJSON.h */ = {isa = PBXFileReference; fileEncoding = 4; lastKnownFileType = sourcecode.c.h; path = "NSObject+SBJSON.h"; sourceTree = "<group>"; };
		CA72808F1C816FEA00F642F0 /* NSObject+SBJSON.m */ = {isa = PBXFileReference; fileEncoding = 4; lastKnownFileType = sourcecode.c.objc; path = "NSObject+SBJSON.m"; sourceTree = "<group>"; };
		CA7280901C816FEA00F642F0 /* NSString+SBJSON.h */ = {isa = PBXFileReference; fileEncoding = 4; lastKnownFileType = sourcecode.c.h; path = "NSString+SBJSON.h"; sourceTree = "<group>"; };
		CA7280911C816FEA00F642F0 /* NSString+SBJSON.m */ = {isa = PBXFileReference; fileEncoding = 4; lastKnownFileType = sourcecode.c.objc; path = "NSString+SBJSON.m"; sourceTree = "<group>"; };
		CA7280921C816FEA00F642F0 /* SBJSON.h */ = {isa = PBXFileReference; fileEncoding = 4; lastKnownFileType = sourcecode.c.h; path = SBJSON.h; sourceTree = "<group>"; };
		CA7280931C816FEA00F642F0 /* SBJSON.m */ = {isa = PBXFileReference; fileEncoding = 4; lastKnownFileType = sourcecode.c.objc; path = SBJSON.m; sourceTree = "<group>"; };
		CA7280941C816FEA00F642F0 /* SBJsonBase.h */ = {isa = PBXFileReference; fileEncoding = 4; lastKnownFileType = sourcecode.c.h; path = SBJsonBase.h; sourceTree = "<group>"; };
		CA7280951C816FEA00F642F0 /* SBJsonBase.m */ = {isa = PBXFileReference; fileEncoding = 4; lastKnownFileType = sourcecode.c.objc; path = SBJsonBase.m; sourceTree = "<group>"; };
		CA7280961C816FEA00F642F0 /* SBJsonParser.h */ = {isa = PBXFileReference; fileEncoding = 4; lastKnownFileType = sourcecode.c.h; path = SBJsonParser.h; sourceTree = "<group>"; };
		CA7280971C816FEA00F642F0 /* SBJsonParser.m */ = {isa = PBXFileReference; fileEncoding = 4; lastKnownFileType = sourcecode.c.objc; path = SBJsonParser.m; sourceTree = "<group>"; };
		CA7280981C816FEA00F642F0 /* SBJsonWriter.h */ = {isa = PBXFileReference; fileEncoding = 4; lastKnownFileType = sourcecode.c.h; path = SBJsonWriter.h; sourceTree = "<group>"; };
		CA7280991C816FEA00F642F0 /* SBJsonWriter.m */ = {isa = PBXFileReference; fileEncoding = 4; lastKnownFileType = sourcecode.c.objc; path = SBJsonWriter.m; sourceTree = "<group>"; };
		CA7280A01C817BF900F642F0 /* checkoutViewController.h */ = {isa = PBXFileReference; fileEncoding = 4; lastKnownFileType = sourcecode.c.h; path = checkoutViewController.h; sourceTree = "<group>"; };
		CA7280A11C817BF900F642F0 /* checkoutViewController.m */ = {isa = PBXFileReference; fileEncoding = 4; lastKnownFileType = sourcecode.c.objc; path = checkoutViewController.m; sourceTree = "<group>"; };
		CA7280A41C81890200F642F0 /* CartItem.h */ = {isa = PBXFileReference; fileEncoding = 4; lastKnownFileType = sourcecode.c.h; path = CartItem.h; sourceTree = "<group>"; };
		CA7280A51C81890200F642F0 /* CartItem.m */ = {isa = PBXFileReference; fileEncoding = 4; lastKnownFileType = sourcecode.c.objc; path = CartItem.m; sourceTree = "<group>"; };
		CA7280A71C8189E300F642F0 /* Item.h */ = {isa = PBXFileReference; fileEncoding = 4; lastKnownFileType = sourcecode.c.h; path = Item.h; sourceTree = "<group>"; };
		CA7280A81C8189E300F642F0 /* Item.m */ = {isa = PBXFileReference; fileEncoding = 4; lastKnownFileType = sourcecode.c.objc; path = Item.m; sourceTree = "<group>"; };
		CA7280A91C8189E300F642F0 /* Offers.h */ = {isa = PBXFileReference; fileEncoding = 4; lastKnownFileType = sourcecode.c.h; path = Offers.h; sourceTree = "<group>"; };
		CA7280AA1C8189E300F642F0 /* Offers.m */ = {isa = PBXFileReference; fileEncoding = 4; lastKnownFileType = sourcecode.c.objc; path = Offers.m; sourceTree = "<group>"; };
		CA7280AD1C818A5D00F642F0 /* ItemDetails.h */ = {isa = PBXFileReference; fileEncoding = 4; lastKnownFileType = sourcecode.c.h; path = ItemDetails.h; sourceTree = "<group>"; };
		CA7280AE1C818A5D00F642F0 /* ItemDetails.m */ = {isa = PBXFileReference; fileEncoding = 4; lastKnownFileType = sourcecode.c.objc; path = ItemDetails.m; sourceTree = "<group>"; };
		CA7280AF1C818A5D00F642F0 /* PaymentDetail.h */ = {isa = PBXFileReference; fileEncoding = 4; lastKnownFileType = sourcecode.c.h; path = PaymentDetail.h; sourceTree = "<group>"; };
		CA7280B01C818A5D00F642F0 /* PaymentDetail.m */ = {isa = PBXFileReference; fileEncoding = 4; lastKnownFileType = sourcecode.c.objc; path = PaymentDetail.m; sourceTree = "<group>"; };
		CA7280B11C818A5D00F642F0 /* UserCart.h */ = {isa = PBXFileReference; fileEncoding = 4; lastKnownFileType = sourcecode.c.h; path = UserCart.h; sourceTree = "<group>"; };
		CA7280B21C818A5D00F642F0 /* UserCart.m */ = {isa = PBXFileReference; fileEncoding = 4; lastKnownFileType = sourcecode.c.objc; path = UserCart.m; sourceTree = "<group>"; };
		CA7280B61C81A9E500F642F0 /* LocationListCell.h */ = {isa = PBXFileReference; fileEncoding = 4; lastKnownFileType = sourcecode.c.h; path = LocationListCell.h; sourceTree = "<group>"; };
		CA7280B71C81A9E500F642F0 /* LocationListCell.m */ = {isa = PBXFileReference; fileEncoding = 4; lastKnownFileType = sourcecode.c.objc; path = LocationListCell.m; sourceTree = "<group>"; };
		CA7280B91C81A9FE00F642F0 /* LocationListViewController.m */ = {isa = PBXFileReference; fileEncoding = 4; lastKnownFileType = sourcecode.c.objc; path = LocationListViewController.m; sourceTree = "<group>"; };
		CA7280BB1C81AA2300F642F0 /* LocationListViewController.h */ = {isa = PBXFileReference; fileEncoding = 4; lastKnownFileType = sourcecode.c.h; path = LocationListViewController.h; sourceTree = "<group>"; };
		CA7280BC1C81AB5F00F642F0 /* MapKit.framework */ = {isa = PBXFileReference; lastKnownFileType = wrapper.framework; name = MapKit.framework; path = System/Library/Frameworks/MapKit.framework; sourceTree = SDKROOT; };
		CA7280BF1C81DABB00F642F0 /* MKAnnotationView+WebCache.h */ = {isa = PBXFileReference; fileEncoding = 4; lastKnownFileType = sourcecode.c.h; path = "MKAnnotationView+WebCache.h"; sourceTree = "<group>"; };
		CA7280C01C81DABB00F642F0 /* MKAnnotationView+WebCache.m */ = {isa = PBXFileReference; fileEncoding = 4; lastKnownFileType = sourcecode.c.objc; path = "MKAnnotationView+WebCache.m"; sourceTree = "<group>"; };
		CA7280C11C81DABB00F642F0 /* NSData+ImageContentType.h */ = {isa = PBXFileReference; fileEncoding = 4; lastKnownFileType = sourcecode.c.h; path = "NSData+ImageContentType.h"; sourceTree = "<group>"; };
		CA7280C21C81DABB00F642F0 /* NSData+ImageContentType.m */ = {isa = PBXFileReference; fileEncoding = 4; lastKnownFileType = sourcecode.c.objc; path = "NSData+ImageContentType.m"; sourceTree = "<group>"; };
		CA7280C31C81DABB00F642F0 /* SDImageCache.h */ = {isa = PBXFileReference; fileEncoding = 4; lastKnownFileType = sourcecode.c.h; path = SDImageCache.h; sourceTree = "<group>"; };
		CA7280C41C81DABB00F642F0 /* SDImageCache.m */ = {isa = PBXFileReference; fileEncoding = 4; lastKnownFileType = sourcecode.c.objc; path = SDImageCache.m; sourceTree = "<group>"; };
		CA7280C51C81DABB00F642F0 /* SDWebImageCompat.h */ = {isa = PBXFileReference; fileEncoding = 4; lastKnownFileType = sourcecode.c.h; path = SDWebImageCompat.h; sourceTree = "<group>"; };
		CA7280C61C81DABB00F642F0 /* SDWebImageCompat.m */ = {isa = PBXFileReference; fileEncoding = 4; lastKnownFileType = sourcecode.c.objc; path = SDWebImageCompat.m; sourceTree = "<group>"; };
		CA7280C71C81DABB00F642F0 /* SDWebImageDecoder.h */ = {isa = PBXFileReference; fileEncoding = 4; lastKnownFileType = sourcecode.c.h; path = SDWebImageDecoder.h; sourceTree = "<group>"; };
		CA7280C81C81DABB00F642F0 /* SDWebImageDecoder.m */ = {isa = PBXFileReference; fileEncoding = 4; lastKnownFileType = sourcecode.c.objc; path = SDWebImageDecoder.m; sourceTree = "<group>"; };
		CA7280C91C81DABB00F642F0 /* SDWebImageDownloader.h */ = {isa = PBXFileReference; fileEncoding = 4; lastKnownFileType = sourcecode.c.h; path = SDWebImageDownloader.h; sourceTree = "<group>"; };
		CA7280CA1C81DABB00F642F0 /* SDWebImageDownloader.m */ = {isa = PBXFileReference; fileEncoding = 4; lastKnownFileType = sourcecode.c.objc; path = SDWebImageDownloader.m; sourceTree = "<group>"; };
		CA7280CB1C81DABB00F642F0 /* SDWebImageDownloaderOperation.h */ = {isa = PBXFileReference; fileEncoding = 4; lastKnownFileType = sourcecode.c.h; path = SDWebImageDownloaderOperation.h; sourceTree = "<group>"; };
		CA7280CC1C81DABB00F642F0 /* SDWebImageDownloaderOperation.m */ = {isa = PBXFileReference; fileEncoding = 4; lastKnownFileType = sourcecode.c.objc; path = SDWebImageDownloaderOperation.m; sourceTree = "<group>"; };
		CA7280CD1C81DABB00F642F0 /* SDWebImageManager.h */ = {isa = PBXFileReference; fileEncoding = 4; lastKnownFileType = sourcecode.c.h; path = SDWebImageManager.h; sourceTree = "<group>"; };
		CA7280CE1C81DABB00F642F0 /* SDWebImageManager.m */ = {isa = PBXFileReference; fileEncoding = 4; lastKnownFileType = sourcecode.c.objc; path = SDWebImageManager.m; sourceTree = "<group>"; };
		CA7280CF1C81DABB00F642F0 /* SDWebImageOperation.h */ = {isa = PBXFileReference; fileEncoding = 4; lastKnownFileType = sourcecode.c.h; path = SDWebImageOperation.h; sourceTree = "<group>"; };
		CA7280D01C81DABC00F642F0 /* SDWebImagePrefetcher.h */ = {isa = PBXFileReference; fileEncoding = 4; lastKnownFileType = sourcecode.c.h; path = SDWebImagePrefetcher.h; sourceTree = "<group>"; };
		CA7280D11C81DABC00F642F0 /* SDWebImagePrefetcher.m */ = {isa = PBXFileReference; fileEncoding = 4; lastKnownFileType = sourcecode.c.objc; path = SDWebImagePrefetcher.m; sourceTree = "<group>"; };
		CA7280D21C81DABC00F642F0 /* UIButton+WebCache.h */ = {isa = PBXFileReference; fileEncoding = 4; lastKnownFileType = sourcecode.c.h; path = "UIButton+WebCache.h"; sourceTree = "<group>"; };
		CA7280D31C81DABC00F642F0 /* UIButton+WebCache.m */ = {isa = PBXFileReference; fileEncoding = 4; lastKnownFileType = sourcecode.c.objc; path = "UIButton+WebCache.m"; sourceTree = "<group>"; };
		CA7280D41C81DABC00F642F0 /* UIImage+GIF.h */ = {isa = PBXFileReference; fileEncoding = 4; lastKnownFileType = sourcecode.c.h; path = "UIImage+GIF.h"; sourceTree = "<group>"; };
		CA7280D51C81DABC00F642F0 /* UIImage+GIF.m */ = {isa = PBXFileReference; fileEncoding = 4; lastKnownFileType = sourcecode.c.objc; path = "UIImage+GIF.m"; sourceTree = "<group>"; };
		CA7280D61C81DABC00F642F0 /* UIImage+MultiFormat.h */ = {isa = PBXFileReference; fileEncoding = 4; lastKnownFileType = sourcecode.c.h; path = "UIImage+MultiFormat.h"; sourceTree = "<group>"; };
		CA7280D71C81DABC00F642F0 /* UIImage+MultiFormat.m */ = {isa = PBXFileReference; fileEncoding = 4; lastKnownFileType = sourcecode.c.objc; path = "UIImage+MultiFormat.m"; sourceTree = "<group>"; };
		CA7280D81C81DABC00F642F0 /* UIImage+WebP.h */ = {isa = PBXFileReference; fileEncoding = 4; lastKnownFileType = sourcecode.c.h; path = "UIImage+WebP.h"; sourceTree = "<group>"; };
		CA7280D91C81DABC00F642F0 /* UIImage+WebP.m */ = {isa = PBXFileReference; fileEncoding = 4; lastKnownFileType = sourcecode.c.objc; path = "UIImage+WebP.m"; sourceTree = "<group>"; };
		CA7280DA1C81DABC00F642F0 /* UIImageView+HighlightedWebCache.h */ = {isa = PBXFileReference; fileEncoding = 4; lastKnownFileType = sourcecode.c.h; path = "UIImageView+HighlightedWebCache.h"; sourceTree = "<group>"; };
		CA7280DB1C81DABC00F642F0 /* UIImageView+HighlightedWebCache.m */ = {isa = PBXFileReference; fileEncoding = 4; lastKnownFileType = sourcecode.c.objc; path = "UIImageView+HighlightedWebCache.m"; sourceTree = "<group>"; };
		CA7280DC1C81DABC00F642F0 /* UIImageView+WebCache.h */ = {isa = PBXFileReference; fileEncoding = 4; lastKnownFileType = sourcecode.c.h; path = "UIImageView+WebCache.h"; sourceTree = "<group>"; };
		CA7280DD1C81DABC00F642F0 /* UIImageView+WebCache.m */ = {isa = PBXFileReference; fileEncoding = 4; lastKnownFileType = sourcecode.c.objc; path = "UIImageView+WebCache.m"; sourceTree = "<group>"; };
		CA7280DE1C81DABC00F642F0 /* UIView+WebCacheOperation.h */ = {isa = PBXFileReference; fileEncoding = 4; lastKnownFileType = sourcecode.c.h; path = "UIView+WebCacheOperation.h"; sourceTree = "<group>"; };
		CA7280DF1C81DABC00F642F0 /* UIView+WebCacheOperation.m */ = {isa = PBXFileReference; fileEncoding = 4; lastKnownFileType = sourcecode.c.objc; path = "UIView+WebCacheOperation.m"; sourceTree = "<group>"; };
		CA7280F11C81DE5400F642F0 /* PrefixHeader.pch */ = {isa = PBXFileReference; fileEncoding = 4; lastKnownFileType = sourcecode.c.h; path = PrefixHeader.pch; sourceTree = "<group>"; };
		CA7280F31C82180900F642F0 /* BKCardExpiryField.h */ = {isa = PBXFileReference; fileEncoding = 4; lastKnownFileType = sourcecode.c.h; path = BKCardExpiryField.h; sourceTree = "<group>"; };
		CA7280F41C82180900F642F0 /* BKCardExpiryField.m */ = {isa = PBXFileReference; fileEncoding = 4; lastKnownFileType = sourcecode.c.objc; path = BKCardExpiryField.m; sourceTree = "<group>"; };
		CA7280F51C82180900F642F0 /* BKCardNumberField.h */ = {isa = PBXFileReference; fileEncoding = 4; lastKnownFileType = sourcecode.c.h; path = BKCardNumberField.h; sourceTree = "<group>"; };
		CA7280F61C82180900F642F0 /* BKCardNumberField.m */ = {isa = PBXFileReference; fileEncoding = 4; lastKnownFileType = sourcecode.c.objc; path = BKCardNumberField.m; sourceTree = "<group>"; };
		CA7280F71C82180900F642F0 /* BKCardNumberFormatter.h */ = {isa = PBXFileReference; fileEncoding = 4; lastKnownFileType = sourcecode.c.h; path = BKCardNumberFormatter.h; sourceTree = "<group>"; };
		CA7280F81C82180900F642F0 /* BKCardNumberFormatter.m */ = {isa = PBXFileReference; fileEncoding = 4; lastKnownFileType = sourcecode.c.objc; path = BKCardNumberFormatter.m; sourceTree = "<group>"; };
		CA7280F91C82180900F642F0 /* BKCardNumberLabel.h */ = {isa = PBXFileReference; fileEncoding = 4; lastKnownFileType = sourcecode.c.h; path = BKCardNumberLabel.h; sourceTree = "<group>"; };
		CA7280FA1C82180900F642F0 /* BKCardNumberLabel.m */ = {isa = PBXFileReference; fileEncoding = 4; lastKnownFileType = sourcecode.c.objc; path = BKCardNumberLabel.m; sourceTree = "<group>"; };
		CA7280FB1C82180900F642F0 /* BKCardPatternInfo.h */ = {isa = PBXFileReference; fileEncoding = 4; lastKnownFileType = sourcecode.c.h; path = BKCardPatternInfo.h; sourceTree = "<group>"; };
		CA7280FC1C82180900F642F0 /* BKCardPatternInfo.m */ = {isa = PBXFileReference; fileEncoding = 4; lastKnownFileType = sourcecode.c.objc; path = BKCardPatternInfo.m; sourceTree = "<group>"; };
		CA7280FD1C82180900F642F0 /* BKCurrencyTextField.h */ = {isa = PBXFileReference; fileEncoding = 4; lastKnownFileType = sourcecode.c.h; path = BKCurrencyTextField.h; sourceTree = "<group>"; };
		CA7280FE1C82180900F642F0 /* BKCurrencyTextField.m */ = {isa = PBXFileReference; fileEncoding = 4; lastKnownFileType = sourcecode.c.objc; path = BKCurrencyTextField.m; sourceTree = "<group>"; };
		CA7280FF1C82180900F642F0 /* BKForwardingTextField.h */ = {isa = PBXFileReference; fileEncoding = 4; lastKnownFileType = sourcecode.c.h; path = BKForwardingTextField.h; sourceTree = "<group>"; };
		CA7281001C82180900F642F0 /* BKForwardingTextField.m */ = {isa = PBXFileReference; fileEncoding = 4; lastKnownFileType = sourcecode.c.objc; path = BKForwardingTextField.m; sourceTree = "<group>"; };
		CA7281011C82180900F642F0 /* BKMoneyKit.bundle */ = {isa = PBXFileReference; lastKnownFileType = "wrapper.plug-in"; path = BKMoneyKit.bundle; sourceTree = "<group>"; };
		CA7281021C82180900F642F0 /* BKMoneyUtils.h */ = {isa = PBXFileReference; fileEncoding = 4; lastKnownFileType = sourcecode.c.h; path = BKMoneyUtils.h; sourceTree = "<group>"; };
		CA7281031C82180900F642F0 /* BKMoneyUtils.m */ = {isa = PBXFileReference; fileEncoding = 4; lastKnownFileType = sourcecode.c.objc; path = BKMoneyUtils.m; sourceTree = "<group>"; };
		CA7281041C82180900F642F0 /* Luhn.h */ = {isa = PBXFileReference; fileEncoding = 4; lastKnownFileType = sourcecode.c.h; path = Luhn.h; sourceTree = "<group>"; };
		CA7281051C82180900F642F0 /* Luhn.m */ = {isa = PBXFileReference; fileEncoding = 4; lastKnownFileType = sourcecode.c.objc; path = Luhn.m; sourceTree = "<group>"; };
		CA7281061C82180900F642F0 /* NSString+Additional.h */ = {isa = PBXFileReference; fileEncoding = 4; lastKnownFileType = sourcecode.c.h; path = "NSString+Additional.h"; sourceTree = "<group>"; };
		CA7281071C82180900F642F0 /* NSString+Additional.m */ = {isa = PBXFileReference; fileEncoding = 4; lastKnownFileType = sourcecode.c.objc; path = "NSString+Additional.m"; sourceTree = "<group>"; };
		CA7281131C82184300F642F0 /* PaymentViewController.h */ = {isa = PBXFileReference; fileEncoding = 4; lastKnownFileType = sourcecode.c.h; path = PaymentViewController.h; sourceTree = "<group>"; };
		CA7281141C82184300F642F0 /* PaymentViewController.m */ = {isa = PBXFileReference; fileEncoding = 4; lastKnownFileType = sourcecode.c.objc; path = PaymentViewController.m; sourceTree = "<group>"; };
		CA7281161C8257DB00F642F0 /* HistoryViewController.h */ = {isa = PBXFileReference; fileEncoding = 4; lastKnownFileType = sourcecode.c.h; path = HistoryViewController.h; sourceTree = "<group>"; };
		CA7281171C8257DB00F642F0 /* HistoryViewController.m */ = {isa = PBXFileReference; fileEncoding = 4; lastKnownFileType = sourcecode.c.objc; path = HistoryViewController.m; sourceTree = "<group>"; };
		CAED33D01C7DEC5100B6B0EB /* reviewTableViewCell.h */ = {isa = PBXFileReference; fileEncoding = 4; lastKnownFileType = sourcecode.c.h; path = reviewTableViewCell.h; sourceTree = "<group>"; };
		CAED33D11C7DEC5100B6B0EB /* reviewTableViewCell.m */ = {isa = PBXFileReference; fileEncoding = 4; lastKnownFileType = sourcecode.c.objc; path = reviewTableViewCell.m; sourceTree = "<group>"; };
		CAED33D31C7DEFA400B6B0EB /* QRCodeScannerView.h */ = {isa = PBXFileReference; fileEncoding = 4; lastKnownFileType = sourcecode.c.h; path = QRCodeScannerView.h; sourceTree = "<group>"; };
		CAED33D41C7DEFA400B6B0EB /* QRCodeScannerView.m */ = {isa = PBXFileReference; fileEncoding = 4; lastKnownFileType = sourcecode.c.objc; path = QRCodeScannerView.m; sourceTree = "<group>"; };
		CAF088611C7DBE9500B33CEC /* PunchBilling.app */ = {isa = PBXFileReference; explicitFileType = wrapper.application; includeInIndex = 0; path = PunchBilling.app; sourceTree = BUILT_PRODUCTS_DIR; };
		CAF088651C7DBE9500B33CEC /* main.m */ = {isa = PBXFileReference; lastKnownFileType = sourcecode.c.objc; path = main.m; sourceTree = "<group>"; };
		CAF088671C7DBE9500B33CEC /* AppDelegate.h */ = {isa = PBXFileReference; lastKnownFileType = sourcecode.c.h; path = AppDelegate.h; sourceTree = "<group>"; };
		CAF088681C7DBE9500B33CEC /* AppDelegate.m */ = {isa = PBXFileReference; lastKnownFileType = sourcecode.c.objc; path = AppDelegate.m; sourceTree = "<group>"; };
		CAF0886A1C7DBE9500B33CEC /* ViewController.h */ = {isa = PBXFileReference; lastKnownFileType = sourcecode.c.h; path = ViewController.h; sourceTree = "<group>"; };
		CAF0886B1C7DBE9500B33CEC /* ViewController.m */ = {isa = PBXFileReference; lastKnownFileType = sourcecode.c.objc; path = ViewController.m; sourceTree = "<group>"; };
		CAF0886E1C7DBE9500B33CEC /* Base */ = {isa = PBXFileReference; lastKnownFileType = file.storyboard; name = Base; path = Base.lproj/Main.storyboard; sourceTree = "<group>"; };
		CAF088701C7DBE9500B33CEC /* Assets.xcassets */ = {isa = PBXFileReference; lastKnownFileType = folder.assetcatalog; path = Assets.xcassets; sourceTree = "<group>"; };
		CAF088751C7DBE9500B33CEC /* Info.plist */ = {isa = PBXFileReference; lastKnownFileType = text.plist.xml; path = Info.plist; sourceTree = "<group>"; };
		CAF0887F1C7DC0DF00B33CEC /* BarCodeScannerView.h */ = {isa = PBXFileReference; fileEncoding = 4; lastKnownFileType = sourcecode.c.h; path = BarCodeScannerView.h; sourceTree = "<group>"; };
		CAF088801C7DC0DF00B33CEC /* BarCodeScannerView.m */ = {isa = PBXFileReference; fileEncoding = 4; lastKnownFileType = sourcecode.c.objc; path = BarCodeScannerView.m; sourceTree = "<group>"; };
		CAF088851C7DCAE700B33CEC /* CustomBarCodeScannerViewController.h */ = {isa = PBXFileReference; fileEncoding = 4; lastKnownFileType = sourcecode.c.h; path = CustomBarCodeScannerViewController.h; sourceTree = "<group>"; };
		CAF088861C7DCAE700B33CEC /* CustomBarCodeScannerViewController.m */ = {isa = PBXFileReference; fileEncoding = 4; lastKnownFileType = sourcecode.c.objc; path = CustomBarCodeScannerViewController.m; sourceTree = "<group>"; };
/* End PBXFileReference section */

/* Begin PBXFrameworksBuildPhase section */
		CAF0885E1C7DBE9500B33CEC /* Frameworks */ = {
			isa = PBXFrameworksBuildPhase;
			buildActionMask = 2147483647;
			files = (
				CA7280BD1C81AB5F00F642F0 /* MapKit.framework in Frameworks */,
				FFB46461583900F9720625C7 /* libPods.a in Frameworks */,
			);
			runOnlyForDeploymentPostprocessing = 0;
		};
/* End PBXFrameworksBuildPhase section */

/* Begin PBXGroup section */
		C2C0AE07906E5621DEA51736 /* Frameworks */ = {
			isa = PBXGroup;
			children = (
				CA7280BC1C81AB5F00F642F0 /* MapKit.framework */,
				4B1E14BC530EE25986EA9B16 /* libPods.a */,
			);
			name = Frameworks;
			sourceTree = "<group>";
		};
		CA72808C1C816F5200F642F0 /* json */ = {
			isa = PBXGroup;
			children = (
				CA72808D1C816FEA00F642F0 /* JSON.h */,
				CA72808E1C816FEA00F642F0 /* NSObject+SBJSON.h */,
				CA72808F1C816FEA00F642F0 /* NSObject+SBJSON.m */,
				CA7280901C816FEA00F642F0 /* NSString+SBJSON.h */,
				CA7280911C816FEA00F642F0 /* NSString+SBJSON.m */,
				CA7280921C816FEA00F642F0 /* SBJSON.h */,
				CA7280931C816FEA00F642F0 /* SBJSON.m */,
				CA7280941C816FEA00F642F0 /* SBJsonBase.h */,
				CA7280951C816FEA00F642F0 /* SBJsonBase.m */,
				CA7280961C816FEA00F642F0 /* SBJsonParser.h */,
				CA7280971C816FEA00F642F0 /* SBJsonParser.m */,
				CA7280981C816FEA00F642F0 /* SBJsonWriter.h */,
				CA7280991C816FEA00F642F0 /* SBJsonWriter.m */,
			);
			name = json;
			sourceTree = "<group>";
		};
		CA7280A31C8188E800F642F0 /* models */ = {
			isa = PBXGroup;
			children = (
				CA7280AD1C818A5D00F642F0 /* ItemDetails.h */,
				CA7280AE1C818A5D00F642F0 /* ItemDetails.m */,
				CA7280AF1C818A5D00F642F0 /* PaymentDetail.h */,
				CA7280B01C818A5D00F642F0 /* PaymentDetail.m */,
				CA7280B11C818A5D00F642F0 /* UserCart.h */,
				CA7280B21C818A5D00F642F0 /* UserCart.m */,
				CA7280A71C8189E300F642F0 /* Item.h */,
				CA7280A81C8189E300F642F0 /* Item.m */,
				CA7280A91C8189E300F642F0 /* Offers.h */,
				CA7280AA1C8189E300F642F0 /* Offers.m */,
				CA7280A41C81890200F642F0 /* CartItem.h */,
				CA7280A51C81890200F642F0 /* CartItem.m */,
			);
			name = models;
			sourceTree = "<group>";
		};
		CA7280BE1C81DA8A00F642F0 /* sdwebchche */ = {
			isa = PBXGroup;
			children = (
				CA7280BF1C81DABB00F642F0 /* MKAnnotationView+WebCache.h */,
				CA7280C01C81DABB00F642F0 /* MKAnnotationView+WebCache.m */,
				CA7280C11C81DABB00F642F0 /* NSData+ImageContentType.h */,
				CA7280C21C81DABB00F642F0 /* NSData+ImageContentType.m */,
				CA7280C31C81DABB00F642F0 /* SDImageCache.h */,
				CA7280C41C81DABB00F642F0 /* SDImageCache.m */,
				CA7280C51C81DABB00F642F0 /* SDWebImageCompat.h */,
				CA7280C61C81DABB00F642F0 /* SDWebImageCompat.m */,
				CA7280C71C81DABB00F642F0 /* SDWebImageDecoder.h */,
				CA7280C81C81DABB00F642F0 /* SDWebImageDecoder.m */,
				CA7280C91C81DABB00F642F0 /* SDWebImageDownloader.h */,
				CA7280CA1C81DABB00F642F0 /* SDWebImageDownloader.m */,
				CA7280CB1C81DABB00F642F0 /* SDWebImageDownloaderOperation.h */,
				CA7280CC1C81DABB00F642F0 /* SDWebImageDownloaderOperation.m */,
				CA7280CD1C81DABB00F642F0 /* SDWebImageManager.h */,
				CA7280CE1C81DABB00F642F0 /* SDWebImageManager.m */,
				CA7280CF1C81DABB00F642F0 /* SDWebImageOperation.h */,
				CA7280D01C81DABC00F642F0 /* SDWebImagePrefetcher.h */,
				CA7280D11C81DABC00F642F0 /* SDWebImagePrefetcher.m */,
				CA7280D21C81DABC00F642F0 /* UIButton+WebCache.h */,
				CA7280D31C81DABC00F642F0 /* UIButton+WebCache.m */,
				CA7280D41C81DABC00F642F0 /* UIImage+GIF.h */,
				CA7280D51C81DABC00F642F0 /* UIImage+GIF.m */,
				CA7280D61C81DABC00F642F0 /* UIImage+MultiFormat.h */,
				CA7280D71C81DABC00F642F0 /* UIImage+MultiFormat.m */,
				CA7280D81C81DABC00F642F0 /* UIImage+WebP.h */,
				CA7280D91C81DABC00F642F0 /* UIImage+WebP.m */,
				CA7280DA1C81DABC00F642F0 /* UIImageView+HighlightedWebCache.h */,
				CA7280DB1C81DABC00F642F0 /* UIImageView+HighlightedWebCache.m */,
				CA7280DC1C81DABC00F642F0 /* UIImageView+WebCache.h */,
				CA7280DD1C81DABC00F642F0 /* UIImageView+WebCache.m */,
				CA7280DE1C81DABC00F642F0 /* UIView+WebCacheOperation.h */,
				CA7280DF1C81DABC00F642F0 /* UIView+WebCacheOperation.m */,
			);
			name = sdwebchche;
			sourceTree = "<group>";
		};
		CA7280F21C82180900F642F0 /* BKMoneyKit */ = {
			isa = PBXGroup;
			children = (
				CA7280F31C82180900F642F0 /* BKCardExpiryField.h */,
				CA7280F41C82180900F642F0 /* BKCardExpiryField.m */,
				CA7280F51C82180900F642F0 /* BKCardNumberField.h */,
				CA7280F61C82180900F642F0 /* BKCardNumberField.m */,
				CA7280F71C82180900F642F0 /* BKCardNumberFormatter.h */,
				CA7280F81C82180900F642F0 /* BKCardNumberFormatter.m */,
				CA7280F91C82180900F642F0 /* BKCardNumberLabel.h */,
				CA7280FA1C82180900F642F0 /* BKCardNumberLabel.m */,
				CA7280FB1C82180900F642F0 /* BKCardPatternInfo.h */,
				CA7280FC1C82180900F642F0 /* BKCardPatternInfo.m */,
				CA7280FD1C82180900F642F0 /* BKCurrencyTextField.h */,
				CA7280FE1C82180900F642F0 /* BKCurrencyTextField.m */,
				CA7280FF1C82180900F642F0 /* BKForwardingTextField.h */,
				CA7281001C82180900F642F0 /* BKForwardingTextField.m */,
				CA7281011C82180900F642F0 /* BKMoneyKit.bundle */,
				CA7281021C82180900F642F0 /* BKMoneyUtils.h */,
				CA7281031C82180900F642F0 /* BKMoneyUtils.m */,
				CA7281041C82180900F642F0 /* Luhn.h */,
				CA7281051C82180900F642F0 /* Luhn.m */,
				CA7281061C82180900F642F0 /* NSString+Additional.h */,
				CA7281071C82180900F642F0 /* NSString+Additional.m */,
			);
			path = BKMoneyKit;
			sourceTree = "<group>";
		};
		CAF088581C7DBE9500B33CEC = {
			isa = PBXGroup;
			children = (
				CA7280F11C81DE5400F642F0 /* PrefixHeader.pch */,
				CAF088631C7DBE9500B33CEC /* PunchBilling */,
				CAF088621C7DBE9500B33CEC /* Products */,
				E1B920274FBD73B53AB8132B /* Pods */,
				C2C0AE07906E5621DEA51736 /* Frameworks */,
			);
			sourceTree = "<group>";
		};
		CAF088621C7DBE9500B33CEC /* Products */ = {
			isa = PBXGroup;
			children = (
				CAF088611C7DBE9500B33CEC /* PunchBilling.app */,
			);
			name = Products;
			sourceTree = "<group>";
		};
		CAF088631C7DBE9500B33CEC /* PunchBilling */ = {
			isa = PBXGroup;
			children = (
				CA7280A31C8188E800F642F0 /* models */,
				CAF0887B1C7DC02F00B33CEC /* zbarsupporting file */,
				CAF088671C7DBE9500B33CEC /* AppDelegate.h */,
				CAF088681C7DBE9500B33CEC /* AppDelegate.m */,
				CAF0886A1C7DBE9500B33CEC /* ViewController.h */,
				CAF0886B1C7DBE9500B33CEC /* ViewController.m */,
				CA7280BB1C81AA2300F642F0 /* LocationListViewController.h */,
				CA7280B91C81A9FE00F642F0 /* LocationListViewController.m */,
				CA7281131C82184300F642F0 /* PaymentViewController.h */,
				CA7281141C82184300F642F0 /* PaymentViewController.m */,
				CA7280A01C817BF900F642F0 /* checkoutViewController.h */,
				CA7280A11C817BF900F642F0 /* checkoutViewController.m */,
				CA7281161C8257DB00F642F0 /* HistoryViewController.h */,
				CA7281171C8257DB00F642F0 /* HistoryViewController.m */,
				CAF0886D1C7DBE9500B33CEC /* Main.storyboard */,
				CAF088701C7DBE9500B33CEC /* Assets.xcassets */,
				CAF088751C7DBE9500B33CEC /* Info.plist */,
				CAF088641C7DBE9500B33CEC /* Supporting Files */,
			);
			path = PunchBilling;
			sourceTree = "<group>";
		};
		CAF088641C7DBE9500B33CEC /* Supporting Files */ = {
			isa = PBXGroup;
			children = (
				CA7280F21C82180900F642F0 /* BKMoneyKit */,
				CA7280BE1C81DA8A00F642F0 /* sdwebchche */,
				CA72808C1C816F5200F642F0 /* json */,
				CA7280891C808D7E00F642F0 /* PunchhSoapApiClient.h */,
				CA72808A1C808D7E00F642F0 /* PunchhSoapApiClient.m */,
				CAF088651C7DBE9500B33CEC /* main.m */,
			);
			name = "Supporting Files";
			sourceTree = "<group>";
		};
		CAF0887B1C7DC02F00B33CEC /* zbarsupporting file */ = {
			isa = PBXGroup;
			children = (
				CA7280B61C81A9E500F642F0 /* LocationListCell.h */,
				CA7280B71C81A9E500F642F0 /* LocationListCell.m */,
				CAED33D01C7DEC5100B6B0EB /* reviewTableViewCell.h */,
				CAED33D11C7DEC5100B6B0EB /* reviewTableViewCell.m */,
				CAF088851C7DCAE700B33CEC /* CustomBarCodeScannerViewController.h */,
				CAF088861C7DCAE700B33CEC /* CustomBarCodeScannerViewController.m */,
				CAED33D31C7DEFA400B6B0EB /* QRCodeScannerView.h */,
				CAED33D41C7DEFA400B6B0EB /* QRCodeScannerView.m */,
				CAF0887F1C7DC0DF00B33CEC /* BarCodeScannerView.h */,
				CAF088801C7DC0DF00B33CEC /* BarCodeScannerView.m */,
			);
			name = "zbarsupporting file";
			sourceTree = "<group>";
		};
		E1B920274FBD73B53AB8132B /* Pods */ = {
			isa = PBXGroup;
			children = (
				0A4E43F4C3D86FE0C0978959 /* Pods.debug.xcconfig */,
				90647B281EEC3918ECD13EED /* Pods.release.xcconfig */,
			);
			name = Pods;
			sourceTree = "<group>";
		};
/* End PBXGroup section */

/* Begin PBXNativeTarget section */
		CAF088601C7DBE9500B33CEC /* PunchBilling */ = {
			isa = PBXNativeTarget;
			buildConfigurationList = CAF088781C7DBE9500B33CEC /* Build configuration list for PBXNativeTarget "PunchBilling" */;
			buildPhases = (
				98513C7D701565CF6CF04ADD /* Check Pods Manifest.lock */,
				CAF0885D1C7DBE9500B33CEC /* Sources */,
				CAF0885E1C7DBE9500B33CEC /* Frameworks */,
				CAF0885F1C7DBE9500B33CEC /* Resources */,
				EDF4440B7C8E600DB8E0F4CA /* Copy Pods Resources */,
			);
			buildRules = (
			);
			dependencies = (
			);
			name = PunchBilling;
			productName = PunchBilling;
			productReference = CAF088611C7DBE9500B33CEC /* PunchBilling.app */;
			productType = "com.apple.product-type.application";
		};
/* End PBXNativeTarget section */

/* Begin PBXProject section */
		CAF088591C7DBE9500B33CEC /* Project object */ = {
			isa = PBXProject;
			attributes = {
				LastUpgradeCheck = 0700;
				ORGANIZATIONNAME = "Punchh Inc.";
				TargetAttributes = {
					CAF088601C7DBE9500B33CEC = {
						CreatedOnToolsVersion = 7.0;
					};
				};
			};
			buildConfigurationList = CAF0885C1C7DBE9500B33CEC /* Build configuration list for PBXProject "PunchBilling" */;
			compatibilityVersion = "Xcode 3.2";
			developmentRegion = English;
			hasScannedForEncodings = 0;
			knownRegions = (
				en,
				Base,
			);
			mainGroup = CAF088581C7DBE9500B33CEC;
			productRefGroup = CAF088621C7DBE9500B33CEC /* Products */;
			projectDirPath = "";
			projectRoot = "";
			targets = (
				CAF088601C7DBE9500B33CEC /* PunchBilling */,
			);
		};
/* End PBXProject section */

/* Begin PBXResourcesBuildPhase section */
		CAF0885F1C7DBE9500B33CEC /* Resources */ = {
			isa = PBXResourcesBuildPhase;
			buildActionMask = 2147483647;
			files = (
				CA72810F1C82180900F642F0 /* BKMoneyKit.bundle in Resources */,
				CAF088711C7DBE9500B33CEC /* Assets.xcassets in Resources */,
				CAF0886F1C7DBE9500B33CEC /* Main.storyboard in Resources */,
			);
			runOnlyForDeploymentPostprocessing = 0;
		};
/* End PBXResourcesBuildPhase section */

/* Begin PBXShellScriptBuildPhase section */
		98513C7D701565CF6CF04ADD /* Check Pods Manifest.lock */ = {
			isa = PBXShellScriptBuildPhase;
			buildActionMask = 2147483647;
			files = (
			);
			inputPaths = (
			);
			name = "Check Pods Manifest.lock";
			outputPaths = (
			);
			runOnlyForDeploymentPostprocessing = 0;
			shellPath = /bin/sh;
			shellScript = "diff \"${PODS_ROOT}/../Podfile.lock\" \"${PODS_ROOT}/Manifest.lock\" > /dev/null\nif [[ $? != 0 ]] ; then\n    cat << EOM\nerror: The sandbox is not in sync with the Podfile.lock. Run 'pod install' or update your CocoaPods installation.\nEOM\n    exit 1\nfi\n";
			showEnvVarsInLog = 0;
		};
		EDF4440B7C8E600DB8E0F4CA /* Copy Pods Resources */ = {
			isa = PBXShellScriptBuildPhase;
			buildActionMask = 2147483647;
			files = (
			);
			inputPaths = (
			);
			name = "Copy Pods Resources";
			outputPaths = (
			);
			runOnlyForDeploymentPostprocessing = 0;
			shellPath = /bin/sh;
			shellScript = "\"${SRCROOT}/Pods/Target Support Files/Pods/Pods-resources.sh\"\n";
			showEnvVarsInLog = 0;
		};
/* End PBXShellScriptBuildPhase section */

/* Begin PBXSourcesBuildPhase section */
		CAF0885D1C7DBE9500B33CEC /* Sources */ = {
			isa = PBXSourcesBuildPhase;
			buildActionMask = 2147483647;
			files = (
				CA7280B41C818A5D00F642F0 /* PaymentDetail.m in Sources */,
				CA7280E91C81DABC00F642F0 /* UIButton+WebCache.m in Sources */,
				CA7280E71C81DABC00F642F0 /* SDWebImageManager.m in Sources */,
				CA7280AB1C8189E300F642F0 /* Item.m in Sources */,
				CA7281091C82180900F642F0 /* BKCardNumberField.m in Sources */,
				CA7281181C8257DB00F642F0 /* HistoryViewController.m in Sources */,
				CA72809A1C816FEA00F642F0 /* NSObject+SBJSON.m in Sources */,
				CA72809F1C816FEA00F642F0 /* SBJsonWriter.m in Sources */,
				CA7280E51C81DABC00F642F0 /* SDWebImageDownloader.m in Sources */,
				CAED33D21C7DEC5100B6B0EB /* reviewTableViewCell.m in Sources */,
				CA72810E1C82180900F642F0 /* BKForwardingTextField.m in Sources */,
				CA7280E31C81DABC00F642F0 /* SDWebImageCompat.m in Sources */,
				CA7280AC1C8189E300F642F0 /* Offers.m in Sources */,
				CA7280B81C81A9E500F642F0 /* LocationListCell.m in Sources */,
				CAED33D51C7DEFA400B6B0EB /* QRCodeScannerView.m in Sources */,
				CA7280EF1C81DABC00F642F0 /* UIView+WebCacheOperation.m in Sources */,
				CA72810C1C82180900F642F0 /* BKCardPatternInfo.m in Sources */,
				CA7280B51C818A5D00F642F0 /* UserCart.m in Sources */,
				CA72810A1C82180900F642F0 /* BKCardNumberFormatter.m in Sources */,
				CA7280EE1C81DABC00F642F0 /* UIImageView+WebCache.m in Sources */,
				CA7280EC1C81DABC00F642F0 /* UIImage+WebP.m in Sources */,
				CA7281081C82180900F642F0 /* BKCardExpiryField.m in Sources */,
				CA7280E21C81DABC00F642F0 /* SDImageCache.m in Sources */,
				CA72809D1C816FEA00F642F0 /* SBJsonBase.m in Sources */,
				CA7280EB1C81DABC00F642F0 /* UIImage+MultiFormat.m in Sources */,
				CA7280E61C81DABC00F642F0 /* SDWebImageDownloaderOperation.m in Sources */,
				CA7280BA1C81A9FE00F642F0 /* LocationListViewController.m in Sources */,
				CA7280ED1C81DABC00F642F0 /* UIImageView+HighlightedWebCache.m in Sources */,
				CAF088871C7DCAE700B33CEC /* CustomBarCodeScannerViewController.m in Sources */,
				CAF0886C1C7DBE9500B33CEC /* ViewController.m in Sources */,
				CA7281121C82180900F642F0 /* NSString+Additional.m in Sources */,
				CA7280A21C817BF900F642F0 /* checkoutViewController.m in Sources */,
				CA7281101C82180900F642F0 /* BKMoneyUtils.m in Sources */,
				CA72809E1C816FEA00F642F0 /* SBJsonParser.m in Sources */,
				CA7280E11C81DABC00F642F0 /* NSData+ImageContentType.m in Sources */,
				CA72809C1C816FEA00F642F0 /* SBJSON.m in Sources */,
				CA72810D1C82180900F642F0 /* BKCurrencyTextField.m in Sources */,
				CA72808B1C808D7E00F642F0 /* PunchhSoapApiClient.m in Sources */,
				CAF088691C7DBE9500B33CEC /* AppDelegate.m in Sources */,
				CA72810B1C82180900F642F0 /* BKCardNumberLabel.m in Sources */,
				CA7280E41C81DABC00F642F0 /* SDWebImageDecoder.m in Sources */,
				CAF088811C7DC0DF00B33CEC /* BarCodeScannerView.m in Sources */,
				CA7281151C82184300F642F0 /* PaymentViewController.m in Sources */,
				CAF088661C7DBE9500B33CEC /* main.m in Sources */,
				CA7280B31C818A5D00F642F0 /* ItemDetails.m in Sources */,
				CA7281111C82180900F642F0 /* Luhn.m in Sources */,
				CA7280A61C81890200F642F0 /* CartItem.m in Sources */,
				CA7280E81C81DABC00F642F0 /* SDWebImagePrefetcher.m in Sources */,
				CA7280E01C81DABC00F642F0 /* MKAnnotationView+WebCache.m in Sources */,
				CA7280EA1C81DABC00F642F0 /* UIImage+GIF.m in Sources */,
				CA72809B1C816FEA00F642F0 /* NSString+SBJSON.m in Sources */,
			);
			runOnlyForDeploymentPostprocessing = 0;
		};
/* End PBXSourcesBuildPhase section */

/* Begin PBXVariantGroup section */
		CAF0886D1C7DBE9500B33CEC /* Main.storyboard */ = {
			isa = PBXVariantGroup;
			children = (
				CAF0886E1C7DBE9500B33CEC /* Base */,
			);
			name = Main.storyboard;
			sourceTree = "<group>";
		};
/* End PBXVariantGroup section */

/* Begin XCBuildConfiguration section */
		CAF088761C7DBE9500B33CEC /* Debug */ = {
			isa = XCBuildConfiguration;
			buildSettings = {
				ALWAYS_SEARCH_USER_PATHS = NO;
				CLANG_CXX_LANGUAGE_STANDARD = "gnu++0x";
				CLANG_CXX_LIBRARY = "libc++";
				CLANG_ENABLE_MODULES = YES;
				CLANG_ENABLE_OBJC_ARC = YES;
				CLANG_WARN_BOOL_CONVERSION = YES;
				CLANG_WARN_CONSTANT_CONVERSION = YES;
				CLANG_WARN_DIRECT_OBJC_ISA_USAGE = YES_ERROR;
				CLANG_WARN_EMPTY_BODY = YES;
				CLANG_WARN_ENUM_CONVERSION = YES;
				CLANG_WARN_INT_CONVERSION = YES;
				CLANG_WARN_OBJC_ROOT_CLASS = YES_ERROR;
				CLANG_WARN_UNREACHABLE_CODE = YES;
				CLANG_WARN__DUPLICATE_METHOD_MATCH = YES;
				"CODE_SIGN_IDENTITY[sdk=iphoneos*]" = "iPhone Developer";
				COPY_PHASE_STRIP = NO;
				DEBUG_INFORMATION_FORMAT = dwarf;
				ENABLE_STRICT_OBJC_MSGSEND = YES;
				ENABLE_TESTABILITY = YES;
				GCC_C_LANGUAGE_STANDARD = gnu99;
				GCC_DYNAMIC_NO_PIC = NO;
				GCC_NO_COMMON_BLOCKS = YES;
				GCC_OPTIMIZATION_LEVEL = 0;
				GCC_PREPROCESSOR_DEFINITIONS = (
					"DEBUG=1",
					"$(inherited)",
				);
				GCC_WARN_64_TO_32_BIT_CONVERSION = YES;
				GCC_WARN_ABOUT_RETURN_TYPE = YES_ERROR;
				GCC_WARN_UNDECLARED_SELECTOR = YES;
				GCC_WARN_UNINITIALIZED_AUTOS = YES_AGGRESSIVE;
				GCC_WARN_UNUSED_FUNCTION = YES;
				GCC_WARN_UNUSED_VARIABLE = YES;
				IPHONEOS_DEPLOYMENT_TARGET = 9.0;
				MTL_ENABLE_DEBUG_INFO = YES;
				ONLY_ACTIVE_ARCH = YES;
				SDKROOT = iphoneos;
			};
			name = Debug;
		};
		CAF088771C7DBE9500B33CEC /* Release */ = {
			isa = XCBuildConfiguration;
			buildSettings = {
				ALWAYS_SEARCH_USER_PATHS = NO;
				CLANG_CXX_LANGUAGE_STANDARD = "gnu++0x";
				CLANG_CXX_LIBRARY = "libc++";
				CLANG_ENABLE_MODULES = YES;
				CLANG_ENABLE_OBJC_ARC = YES;
				CLANG_WARN_BOOL_CONVERSION = YES;
				CLANG_WARN_CONSTANT_CONVERSION = YES;
				CLANG_WARN_DIRECT_OBJC_ISA_USAGE = YES_ERROR;
				CLANG_WARN_EMPTY_BODY = YES;
				CLANG_WARN_ENUM_CONVERSION = YES;
				CLANG_WARN_INT_CONVERSION = YES;
				CLANG_WARN_OBJC_ROOT_CLASS = YES_ERROR;
				CLANG_WARN_UNREACHABLE_CODE = YES;
				CLANG_WARN__DUPLICATE_METHOD_MATCH = YES;
				"CODE_SIGN_IDENTITY[sdk=iphoneos*]" = "iPhone Developer";
				COPY_PHASE_STRIP = NO;
				DEBUG_INFORMATION_FORMAT = "dwarf-with-dsym";
				ENABLE_NS_ASSERTIONS = NO;
				ENABLE_STRICT_OBJC_MSGSEND = YES;
				GCC_C_LANGUAGE_STANDARD = gnu99;
				GCC_NO_COMMON_BLOCKS = YES;
				GCC_WARN_64_TO_32_BIT_CONVERSION = YES;
				GCC_WARN_ABOUT_RETURN_TYPE = YES_ERROR;
				GCC_WARN_UNDECLARED_SELECTOR = YES;
				GCC_WARN_UNINITIALIZED_AUTOS = YES_AGGRESSIVE;
				GCC_WARN_UNUSED_FUNCTION = YES;
				GCC_WARN_UNUSED_VARIABLE = YES;
				IPHONEOS_DEPLOYMENT_TARGET = 9.0;
				MTL_ENABLE_DEBUG_INFO = NO;
				SDKROOT = iphoneos;
				VALIDATE_PRODUCT = YES;
			};
			name = Release;
		};
		CAF088791C7DBE9500B33CEC /* Debug */ = {
			isa = XCBuildConfiguration;
			baseConfigurationReference = 0A4E43F4C3D86FE0C0978959 /* Pods.debug.xcconfig */;
			buildSettings = {
				ASSETCATALOG_COMPILER_APPICON_NAME = AppIcon;
				ASSETCATALOG_COMPILER_LAUNCHIMAGE_NAME = LaunchImage;
				ENABLE_BITCODE = NO;
				GCC_PREFIX_HEADER = PrefixHeader.pch;
				INFOPLIST_FILE = PunchBilling/Info.plist;
				IPHONEOS_DEPLOYMENT_TARGET = 7.1;
				LD_RUNPATH_SEARCH_PATHS = "$(inherited) @executable_path/Frameworks";
				PRODUCT_BUNDLE_IDENTIFIER = com.punchh.PunchBilling;
				PRODUCT_NAME = "$(TARGET_NAME)";
			};
			name = Debug;
		};
		CAF0887A1C7DBE9500B33CEC /* Release */ = {
			isa = XCBuildConfiguration;
			baseConfigurationReference = 90647B281EEC3918ECD13EED /* Pods.release.xcconfig */;
			buildSettings = {
				ASSETCATALOG_COMPILER_APPICON_NAME = AppIcon;
				ASSETCATALOG_COMPILER_LAUNCHIMAGE_NAME = LaunchImage;
				ENABLE_BITCODE = NO;
				GCC_PREFIX_HEADER = PrefixHeader.pch;
				INFOPLIST_FILE = PunchBilling/Info.plist;
				IPHONEOS_DEPLOYMENT_TARGET = 7.1;
				LD_RUNPATH_SEARCH_PATHS = "$(inherited) @executable_path/Frameworks";
				PRODUCT_BUNDLE_IDENTIFIER = com.punchh.PunchBilling;
				PRODUCT_NAME = "$(TARGET_NAME)";
			};
			name = Release;
		};
/* End XCBuildConfiguration section */

/* Begin XCConfigurationList section */
		CAF0885C1C7DBE9500B33CEC /* Build configuration list for PBXProject "PunchBilling" */ = {
			isa = XCConfigurationList;
			buildConfigurations = (
				CAF088761C7DBE9500B33CEC /* Debug */,
				CAF088771C7DBE9500B33CEC /* Release */,
			);
			defaultConfigurationIsVisible = 0;
			defaultConfigurationName = Release;
		};
		CAF088781C7DBE9500B33CEC /* Build configuration list for PBXNativeTarget "PunchBilling" */ = {
			isa = XCConfigurationList;
			buildConfigurations = (
				CAF088791C7DBE9500B33CEC /* Debug */,
				CAF0887A1C7DBE9500B33CEC /* Release */,
			);
			defaultConfigurationIsVisible = 0;
			defaultConfigurationName = Release;
		};
/* End XCConfigurationList section */
	};
	rootObject = CAF088591C7DBE9500B33CEC /* Project object */;
}
